version = 1
revision = 3
requires-python = ">=3.13"
resolution-markers = [
    "platform_machine == 'ARM64' and sys_platform == 'win32'",
    "platform_machine != 'ARM64' or sys_platform != 'win32'",
]

[[package]]
name = "certifi"
version = "2026.2.25"
source = { registry = "https://pypi.org/simple" }
sdist = { url = "https://files.pythonhosted.org/packages/af/2d/7bf41579a8986e348fa033a31cdd0e4121114f6bce2457e8876010b092dd/certifi-2026.2.25.tar.gz", hash = "sha256:e887ab5cee78ea814d3472169153c2d12cd43b14bd03329a39a9c6e2e80bfba7", size = 155029, upload-time = "2026-02-25T02:54:17.342Z" }
wheels = [
    { url = "https://files.pythonhosted.org/packages/9a/3c/c17fb3ca2d9c3acff52e30b309f538586f9f5b9c9cf454f3845fc9af4881/certifi-2026.2.25-py3-none-any.whl", hash = "sha256:027692e4402ad994f1c42e52a4997a9763c646b73e4096e4d5d6db8af1d6f0fa", size = 153684, upload-time = "2026-02-25T02:54:15.766Z" },
]

[[package]]
name = "cftime"
version = "1.6.5"
source = { registry = "https://pypi.org/simple" }
dependencies = [
    { name = "numpy" },
]
sdist = { url = "https://files.pythonhosted.org/packages/65/dc/470ffebac2eb8c54151eb893055024fe81b1606e7c6ff8449a588e9cd17f/cftime-1.6.5.tar.gz", hash = "sha256:8225fed6b9b43fb87683ebab52130450fc1730011150d3092096a90e54d1e81e", size = 326605, upload-time = "2025-10-13T18:56:26.352Z" }
wheels = [
    { url = "https://files.pythonhosted.org/packages/2e/60/74ea344b3b003fada346ed98a6899085d6fd4c777df608992d90c458fda6/cftime-1.6.5-cp313-cp313-macosx_10_13_x86_64.whl", hash = "sha256:4aba66fd6497711a47c656f3a732c2d1755ad15f80e323c44a8716ebde39ddd5", size = 502453, upload-time = "2025-10-13T18:56:13.545Z" },
    { url = "https://files.pythonhosted.org/packages/1e/14/adb293ac6127079b49ff11c05cf3d5ce5c1f17d097f326dc02d74ddfcb6e/cftime-1.6.5-cp313-cp313-macosx_11_0_arm64.whl", hash = "sha256:89e7cba699242366e67d6fb5aee579440e791063f92a93853610c91647167c0d", size = 484541, upload-time = "2025-10-13T18:56:14.612Z" },
    { url = "https://files.pythonhosted.org/packages/4f/74/bb8a4566af8d0ef3f045d56c462a9115da4f04b07c7fbbf2b4875223eebd/cftime-1.6.5-cp313-cp313-manylinux2014_aarch64.manylinux_2_17_aarch64.whl", hash = "sha256:2f1eb43d7a7b919ec99aee709fb62ef87ef1cf0679829ef93d37cc1c725781e9", size = 1591014, upload-time = "2025-10-13T19:39:15.346Z" },
    { url = "https://files.pythonhosted.org/packages/ba/08/52f06ff2f04d376f9cd2c211aefcf2b37f1978e43289341f362fc99f6a0e/cftime-1.6.5-cp313-cp313-manylinux2014_x86_64.manylinux_2_17_x86_64.whl", hash = "sha256:e02a1d80ffc33fe469c7db68aa24c4a87f01da0c0c621373e5edadc92964900b", size = 1633625, upload-time = "2025-10-13T18:56:15.745Z" },
    { url = "https://files.pythonhosted.org/packages/cf/33/03e0b23d58ea8fab94ecb4f7c5b721e844a0800c13694876149d98830a73/cftime-1.6.5-cp313-cp313-musllinux_1_2_x86_64.whl", hash = "sha256:18ab754805233cdd889614b2b3b86a642f6d51a57a1ec327c48053f3414f87d8", size = 1684269, upload-time = "2025-10-13T18:56:17.04Z" },
    { url = "https://files.pythonhosted.org/packages/a4/60/a0cfba63847b43599ef1cdbbf682e61894994c22b9a79fd9e1e8c7e9de41/cftime-1.6.5-cp313-cp313-win_amd64.whl", hash = "sha256:6c27add8f907f4a4cd400e89438f2ea33e2eb5072541a157a4d013b7dbe93f9c", size = 465364, upload-time = "2025-10-13T18:56:18.05Z" },
    { url = "https://files.pythonhosted.org/packages/3d/e8/ec32f2aef22c15604e6fda39ff8d581a00b5469349f8fba61640d5358d2c/cftime-1.6.5-cp313-cp313-win_arm64.whl", hash = "sha256:31d1ff8f6bbd4ca209099d24459ec16dea4fb4c9ab740fbb66dd057ccbd9b1b9", size = 450468, upload-time = "2026-01-02T21:16:50.193Z" },
    { url = "https://files.pythonhosted.org/packages/ea/6c/a9618f589688358e279720f5c0fe67ef0077fba07334ce26895403ebc260/cftime-1.6.5-cp314-cp314-macosx_10_15_x86_64.whl", hash = "sha256:c69ce3bdae6a322cbb44e9ebc20770d47748002fb9d68846a1e934f1bd5daf0b", size = 502725, upload-time = "2025-10-13T18:56:19.424Z" },
    { url = "https://files.pythonhosted.org/packages/d8/e3/da3c36398bfb730b96248d006cabaceed87e401ff56edafb2a978293e228/cftime-1.6.5-cp314-cp314-macosx_11_0_arm64.whl", hash = "sha256:e62e9f2943e014c5ef583245bf2e878398af131c97e64f8cd47c1d7baef5c4e2", size = 485445, upload-time = "2025-10-13T18:56:20.853Z" },
    { url = "https://files.pythonhosted.org/packages/32/93/b05939e5abd14bd1ab69538bbe374b4ee2a15467b189ff895e9a8cdaddf6/cftime-1.6.5-cp314-cp314-manylinux2014_aarch64.manylinux_2_17_aarch64.whl", hash = "sha256:7da5fdaa4360d8cb89b71b8ded9314f2246aa34581e8105c94ad58d6102d9e4f", size = 1584434, upload-time = "2025-10-13T19:39:17.084Z" },
    { url = "https://files.pythonhosted.org/packages/7f/89/648397f9936e0b330999c4e776ebf296ec3c6a65f9901687dbca4ab820da/cftime-1.6.5-cp314-cp314-manylinux2014_x86_64.manylinux_2_17_x86_64.whl", hash = "sha256:bff865b4ea4304f2744a1ad2b8149b8328b321dd7a2b9746ef926d229bd7cd49", size = 1609812, upload-time = "2025-10-13T18:56:21.971Z" },
    { url = "https://files.pythonhosted.org/packages/e7/0f/901b4835aa67ad3e915605d4e01d0af80a44b114eefab74ae33de6d36933/cftime-1.6.5-cp314-cp314-musllinux_1_2_x86_64.whl", hash = "sha256:e552c5d1c8a58f25af7521e49237db7ca52ed2953e974fe9f7c4491e95fdd36c", size = 1669768, upload-time = "2025-10-13T18:56:24.027Z" },
    { url = "https://files.pythonhosted.org/packages/22/d5/e605e4b28363e7a9ae98ed12cabbda5b155b6009270e6a231d8f10182a17/cftime-1.6.5-cp314-cp314-win_amd64.whl", hash = "sha256:e645b095dc50a38ac454b7e7f0742f639e7d7f6b108ad329358544a6ff8c9ba2", size = 463818, upload-time = "2025-10-13T18:56:25.376Z" },
    { url = "https://files.pythonhosted.org/packages/3d/89/a8f85ae697ff10206ec401c2621f5ca9f327554f586d62f244739ceeb347/cftime-1.6.5-cp314-cp314-win_arm64.whl", hash = "sha256:b9044d7ac82d3d8af189df1032fdc871bbd3f3dd41a6ec79edceb5029b71e6e0", size = 459862, upload-time = "2026-01-02T20:45:02.625Z" },
    { url = "https://files.pythonhosted.org/packages/ab/05/7410e12fd03a0c52717e74e6a1b49958810807dda212e23b65d43ea99676/cftime-1.6.5-cp314-cp314t-macosx_10_15_x86_64.whl", hash = "sha256:9ef56460cb0576e1a9161e1428c9e1a633f809a23fa9d598f313748c1ae5064e", size = 533781, upload-time = "2026-01-02T20:45:04.818Z" },
    { url = "https://files.pythonhosted.org/packages/44/ba/10e3546426d3ed9f9cc82e4a99836bb6fac1642c7830f7bdd0ac1c3f0805/cftime-1.6.5-cp314-cp314t-macosx_11_0_arm64.whl", hash = "sha256:4f4873d38b10032f9f3111c547a1d485519ae64eee6a7a2d091f1f8b08e1ba50", size = 515218, upload-time = "2026-01-02T20:45:06.788Z" },
    { url = "https://files.pythonhosted.org/packages/bd/68/efa11eae867749e921bfec6a865afdba8166e96188112dde70bb8bb49254/cftime-1.6.5-cp314-cp314t-manylinux2014_aarch64.manylinux_2_17_aarch64.whl", hash = "sha256:ccce0f4c9d3f38dd948a117e578b50d0e0db11e2ca9435fb358fd524813e4b61", size = 1579932, upload-time = "2026-01-02T20:45:11.194Z" },
    { url = "https://files.pythonhosted.org/packages/9d/6c/0971e602c1390a423e6621dfbad9f1d375186bdaf9c9c7f75e06f1fbf355/cftime-1.6.5-cp314-cp314t-manylinux2014_x86_64.manylinux_2_17_x86_64.whl", hash = "sha256:19cbfc5152fb0b34ce03acf9668229af388d7baa63a78f936239cb011ccbe6b1", size = 1555894, upload-time = "2026-01-02T20:45:16.351Z" },
    { url = "https://files.pythonhosted.org/packages/ad/fc/8475a15b7c3209a4a68b563dfc5e01ce74f2d8b9822372c3d30c68ab7f39/cftime-1.6.5-cp314-cp314t-win_amd64.whl", hash = "sha256:4470cd5ef3c2514566f53efbcbb64dd924fa0584637d90285b2f983bd4ee7d97", size = 513027, upload-time = "2026-01-02T20:45:20.023Z" },
    { url = "https://files.pythonhosted.org/packages/f7/80/4ecbda8318fbf40ad4e005a4a93aebba69e81382e5b4c6086251cd5d0ee8/cftime-1.6.5-cp314-cp314t-win_arm64.whl", hash = "sha256:034c15a67144a0a5590ef150c99f844897618b148b87131ed34fda7072614662", size = 469065, upload-time = "2026-01-02T20:45:23.398Z" },
]

[[package]]
name = "client"
version = "0.1.0"
source = { virtual = "." }
dependencies = [
    { name = "netcdf4" },
]

[package.metadata]
requires-dist = [{ name = "netcdf4", specifier = ">=1.7.4" }]

[[package]]
name = "netcdf4"
version = "1.7.4"
source = { registry = "https://pypi.org/simple" }
dependencies = [
    { name = "certifi" },
    { name = "cftime" },
    { name = "numpy" },
]
sdist = { url = "https://files.pythonhosted.org/packages/34/b6/0370bb3af66a12098da06dc5843f3b349b7c83ccbdf7306e7afa6248b533/netcdf4-1.7.4.tar.gz", hash = "sha256:cdbfdc92d6f4d7192ca8506c9b3d4c1d9892969ff28d8e8e1fc97ca08bf12164", size = 838352, upload-time = "2026-01-05T02:27:38.593Z" }
wheels = [
    { url = "https://files.pythonhosted.org/packages/38/de/38ed7e1956943d28e8ea74161e97c3a00fb98d6d08943b4fd21bae32c240/netcdf4-1.7.4-cp311-abi3-macosx_13_0_x86_64.whl", hash = "sha256:dec70e809cc65b04ebe95113ee9c85ba46a51c3a37c058d2b2b0cadc4d3052d8", size = 23427499, upload-time = "2026-01-05T02:27:06.568Z" },
    { url = "https://files.pythonhosted.org/packages/e5/70/2f73c133b71709c412bc81d8b721e28dc6237ba9d7dad861b7bfbb70408a/netcdf4-1.7.4-cp311-abi3-macosx_14_0_arm64.whl", hash = "sha256:75cf59100f0775bc4d6b9d4aca7cbabd12e2b8cf3b9a4fb16d810b92743a315a", size = 22847667, upload-time = "2026-01-05T02:27:09.421Z" },
    { url = "https://files.pythonhosted.org/packages/77/ce/43a3c0c41a6e2e940d87feea79d29aa88302211ac122604838f8a5a48de6/netcdf4-1.7.4-cp311-abi3-manylinux_2_27_aarch64.manylinux_2_28_aarch64.whl", hash = "sha256:ddfc7e9d261125c74708119440c85ea288b5fee41db676d2ba1ce9be11f96932", size = 10274769, upload-time = "2026-01-05T21:31:19.243Z" },
    { url = "https://files.pythonhosted.org/packages/7b/7a/a8d32501bb95ecff342004a674720164f95ad616f269450b3bc13dc88ae3/netcdf4-1.7.4-cp311-abi3-manylinux_2_27_x86_64.manylinux_2_28_x86_64.whl", hash = "sha256:a72c9f58767779ec14cb7451c3b56bdd8fdc027a792fac2062b14e090c5617f3", size = 10123122, upload-time = "2026-01-05T21:31:22.773Z" },
    { url = "https://files.pythonhosted.org/packages/18/68/e89b4fa9242e59326c849c39ce0f49eb68499603c639405a8449900a4f15/netcdf4-1.7.4-cp311-abi3-win_amd64.whl", hash = "sha256:9476e1f23161ae5159cd1548c50c8a37922e77d76583e247133f256ef7b825fc", size = 21299637, upload-time = "2026-01-05T02:27:11.856Z" },
    { url = "https://files.pythonhosted.org/packages/6c/fc/edd41a3607241027aa4533e7f18e0cd647e74dde10a63274c65350f59967/netcdf4-1.7.4-cp311-abi3-win_arm64.whl", hash = "sha256:876ad9d58f09c98741c066c726164c45a098a58fb90e5fac9e74de4bb8a793fd", size = 2386377, upload-time = "2026-01-05T02:27:13.808Z" },
    { url = "https://files.pythonhosted.org/packages/d8/2b/684b15dd4791f8be295b2f6fa97377bbc07a768478a63b7d3c4951712e36/netcdf4-1.7.4-cp314-cp314-manylinux_2_27_aarch64.manylinux_2_28_aarch64.whl", hash = "sha256:a5841de0735e8e4875b367c668e81d334287858d64dd9f3e3e2261e808c84922", size = 10395635, upload-time = "2026-01-05T02:27:19.655Z" },
    { url = "https://files.pythonhosted.org/packages/37/dc/44d21524cf1b1c64254f92e22395a7a10f70c18f3a13a18ac9db258760f7/netcdf4-1.7.4-cp314-cp314-manylinux_2_27_x86_64.manylinux_2_28_x86_64.whl", hash = "sha256:86fac03a8c5b250d57866e7d98918a64742e4b0de1681c5c86bac5726bab8aee", size = 10237725, upload-time = "2026-01-05T02:27:22.298Z" },
    { url = "https://files.pythonhosted.org/packages/d4/9d/c3ddf54296ad8f18f02f77f23452bdb0971aece1b87e84bab9d734bf72cc/netcdf4-1.7.4-cp314-cp314t-macosx_13_0_x86_64.whl", hash = "sha256:ad083d260301b5add74b1669c75ab0df03bdf986decfcc092cb45eec2615b5f1", size = 23515258, upload-time = "2026-01-05T02:27:24.837Z" },
    { url = "https://files.pythonhosted.org/packages/dd/44/bc0346e995d436d03fab682b7fbd2a9adcf0db6a05790b8f24853bf08170/netcdf4-1.7.4-cp314-cp314t-macosx_14_0_arm64.whl", hash = "sha256:7f22014092cc9da3f056b0368e2e38c42afd5725c87ad4843eb2f467e16dd4f6", size = 22910171, upload-time = "2026-01-05T02:27:27.166Z" },
    { url = "https://files.pythonhosted.org/packages/30/6b/f9bc3f43c55e2dac72ee9f98d77860789bdd5d50c29adf164a6bdb303078/netcdf4-1.7.4-cp314-cp314t-manylinux_2_27_aarch64.manylinux_2_28_aarch64.whl", hash = "sha256:224a15434c165a5e0225e5831f591edf62533044b1ce62fdfee815195bbd077d", size = 10567579, upload-time = "2026-01-05T02:27:29.382Z" },
    { url = "https://files.pythonhosted.org/packages/6d/d5/e7685c66b7f011c73cd746127f986358a26c642a4e4a1aa5ab51481b6586/netcdf4-1.7.4-cp314-cp314t-manylinux_2_27_x86_64.manylinux_2_28_x86_64.whl", hash = "sha256:31a2318305de6831a18df25ad0df9f03b6d68666af0356d4f6057d66c02ffeb6", size = 10255032, upload-time = "2026-01-05T02:27:31.744Z" },
    { url = "https://files.pythonhosted.org/packages/a6/14/7506738bb6c8bc373b01e5af8f3b727f83f4f496c6b108490ea2609dc2cf/netcdf4-1.7.4-cp314-cp314t-win_amd64.whl", hash = "sha256:6c4a0aa9446c3a616ef3be015b629dc6173643f8b09546de26a4e40e272cd1ed", size = 22289653, upload-time = "2026-01-05T02:27:34.294Z" },
    { url = "https://files.pythonhosted.org/packages/af/2e/39d5e9179c543f2e6e149a65908f83afd9b6d64379a90789b323111761db/netcdf4-1.7.4-cp314-cp314t-win_arm64.whl", hash = "sha256:034220887d48da032cb2db5958f69759dbb04eb33e279ec6390571d4aea734fe", size = 2531682, upload-time = "2026-01-05T02:27:37.062Z" },
]

[[package]]
name = "numpy"
version = "2.4.4"
source = { registry = "https://pypi.org/simple" }
sdist = { url = "https://files.pythonhosted.org/packages/d7/9f/b8cef5bffa569759033adda9481211426f12f53299629b410340795c2514/numpy-2.4.4.tar.gz", hash = "sha256:2d390634c5182175533585cc89f3608a4682ccb173cc9bb940b2881c8d6f8fa0", size = 20731587, upload-time = "2026-03-29T13:22:01.298Z" }
wheels = [
    { url = "https://files.pythonhosted.org/packages/14/1d/d0a583ce4fefcc3308806a749a536c201ed6b5ad6e1322e227ee4848979d/numpy-2.4.4-cp313-cp313-macosx_10_13_x86_64.whl", hash = "sha256:08f2e31ed5e6f04b118e49821397f12767934cfdd12a1ce86a058f91e004ee50", size = 16684933, upload-time = "2026-03-29T13:19:22.47Z" },
    { url = "https://files.pythonhosted.org/packages/c1/62/2b7a48fbb745d344742c0277f01286dead15f3f68e4f359fbfcf7b48f70f/numpy-2.4.4-cp313-cp313-macosx_11_0_arm64.whl", hash = "sha256:e823b8b6edc81e747526f70f71a9c0a07ac4e7ad13020aa736bb7c9d67196115", size = 14694532, upload-time = "2026-03-29T13:19:25.581Z" },
    { url = "https://files.pythonhosted.org/packages/e5/87/499737bfba066b4a3bebff24a8f1c5b2dee410b209bc6668c9be692580f0/numpy-2.4.4-cp313-cp313-macosx_14_0_arm64.whl", hash = "sha256:4a19d9dba1a76618dd86b164d608566f393f8ec6ac7c44f0cc879011c45e65af", size = 5199661, upload-time = "2026-03-29T13:19:28.31Z" },
    { url = "https://files.pythonhosted.org/packages/cd/da/464d551604320d1491bc345efed99b4b7034143a85787aab78d5691d5a0e/numpy-2.4.4-cp313-cp313-macosx_14_0_x86_64.whl", hash = "sha256:d2a8490669bfe99a233298348acc2d824d496dee0e66e31b66a6022c2ad74a5c", size = 6547539, upload-time = "2026-03-29T13:19:30.97Z" },
    { url = "https://files.pythonhosted.org/packages/7d/90/8d23e3b0dafd024bf31bdec225b3bb5c2dbfa6912f8a53b8659f21216cbf/numpy-2.4.4-cp313-cp313-manylinux_2_27_aarch64.manylinux_2_28_aarch64.whl", hash = "sha256:45dbed2ab436a9e826e302fcdcbe9133f9b0006e5af7168afb8963a6520da103", size = 15668806, upload-time = "2026-03-29T13:19:33.887Z" },
    { url = "https://files.pythonhosted.org/packages/d1/73/a9d864e42a01896bb5974475438f16086be9ba1f0d19d0bb7a07427c4a8b/numpy-2.4.4-cp313-cp313-manylinux_2_27_x86_64.manylinux_2_28_x86_64.whl", hash = "sha256:c901b15172510173f5cb310eae652908340f8dede90fff9e3bf6c0d8dfd92f83", size = 16632682, upload-time = "2026-03-29T13:19:37.336Z" },
    { url = "https://files.pythonhosted.org/packages/34/fb/14570d65c3bde4e202a031210475ae9cde9b7686a2e7dc97ee67d2833b35/numpy-2.4.4-cp313-cp313-musllinux_1_2_aarch64.whl", hash = "sha256:99d838547ace2c4aace6c4f76e879ddfe02bb58a80c1549928477862b7a6d6ed", size = 17019810, upload-time = "2026-03-29T13:19:40.963Z" },
    { url = "https://files.pythonhosted.org/packages/8a/77/2ba9d87081fd41f6d640c83f26fb7351e536b7ce6dd9061b6af5904e8e46/numpy-2.4.4-cp313-cp313-musllinux_1_2_x86_64.whl", hash = "sha256:0aec54fd785890ecca25a6003fd9a5aed47ad607bbac5cd64f836ad8666f4959", size = 18357394, upload-time = "2026-03-29T13:19:44.859Z" },
    { url = "https://files.pythonhosted.org/packages/a2/23/52666c9a41708b0853fa3b1a12c90da38c507a3074883823126d4e9d5b30/numpy-2.4.4-cp313-cp313-win32.whl", hash = "sha256:07077278157d02f65c43b1b26a3886bce886f95d20aabd11f87932750dfb14ed", size = 5959556, upload-time = "2026-03-29T13:19:47.661Z" },
    { url = "https://files.pythonhosted.org/packages/57/fb/48649b4971cde70d817cf97a2a2fdc0b4d8308569f1dd2f2611959d2e0cf/numpy-2.4.4-cp313-cp313-win_amd64.whl", hash = "sha256:5c70f1cc1c4efbe316a572e2d8b9b9cc44e89b95f79ca3331553fbb63716e2bf", size = 12317311, upload-time = "2026-03-29T13:19:50.67Z" },
    { url = "https://files.pythonhosted.org/packages/ba/d8/11490cddd564eb4de97b4579ef6bfe6a736cc07e94c1598590ae25415e01/numpy-2.4.4-cp313-cp313-win_arm64.whl", hash = "sha256:ef4059d6e5152fa1a39f888e344c73fdc926e1b2dd58c771d67b0acfbf2aa67d", size = 10222060, upload-time = "2026-03-29T13:19:54.229Z" },
    { url = "https://files.pythonhosted.org/packages/99/5d/dab4339177a905aad3e2221c915b35202f1ec30d750dd2e5e9d9a72b804b/numpy-2.4.4-cp313-cp313t-macosx_11_0_arm64.whl", hash = "sha256:4bbc7f303d125971f60ec0aaad5e12c62d0d2c925f0ab1273debd0e4ba37aba5", size = 14822302, upload-time = "2026-03-29T13:19:57.585Z" },
    { url = "https://files.pythonhosted.org/packages/eb/e4/0564a65e7d3d97562ed6f9b0fd0fb0a6f559ee444092f105938b50043876/numpy-2.4.4-cp313-cp313t-macosx_14_0_arm64.whl", hash = "sha256:4d6d57903571f86180eb98f8f0c839fa9ebbfb031356d87f1361be91e433f5b7", size = 5327407, upload-time = "2026-03-29T13:20:00.601Z" },
    { url = "https://files.pythonhosted.org/packages/29/8d/35a3a6ce5ad371afa58b4700f1c820f8f279948cca32524e0a695b0ded83/numpy-2.4.4-cp313-cp313t-macosx_14_0_x86_64.whl", hash = "sha256:4636de7fd195197b7535f231b5de9e4b36d2c440b6e566d2e4e4746e6af0ca93", size = 6647631, upload-time = "2026-03-29T13:20:02.855Z" },
    { url = "https://files.pythonhosted.org/packages/f4/da/477731acbd5a58a946c736edfdabb2ac5b34c3d08d1ba1a7b437fa0884df/numpy-2.4.4-cp313-cp313t-manylinux_2_27_aarch64.manylinux_2_28_aarch64.whl", hash = "sha256:ad2e2ef14e0b04e544ea2fa0a36463f847f113d314aa02e5b402fdf910ef309e", size = 15727691, upload-time = "2026-03-29T13:20:06.004Z" },
    { url = "https://files.pythonhosted.org/packages/e6/db/338535d9b152beabeb511579598418ba0212ce77cf9718edd70262cc4370/numpy-2.4.4-cp313-cp313t-manylinux_2_27_x86_64.manylinux_2_28_x86_64.whl", hash = "sha256:5a285b3b96f951841799528cd1f4f01cd70e7e0204b4abebac9463eecfcf2a40", size = 16681241, upload-time = "2026-03-29T13:20:09.417Z" },
    { url = "https://files.pythonhosted.org/packages/e2/a9/ad248e8f58beb7a0219b413c9c7d8151c5d285f7f946c3e26695bdbbe2df/numpy-2.4.4-cp313-cp313t-musllinux_1_2_aarch64.whl", hash = "sha256:f8474c4241bc18b750be2abea9d7a9ec84f46ef861dbacf86a4f6e043401f79e", size = 17085767, upload-time = "2026-03-29T13:20:13.126Z" },
    { url = "https://files.pythonhosted.org/packages/b5/1a/3b88ccd3694681356f70da841630e4725a7264d6a885c8d442a697e1146b/numpy-2.4.4-cp313-cp313t-musllinux_1_2_x86_64.whl", hash = "sha256:4e874c976154687c1f71715b034739b45c7711bec81db01914770373d125e392", size = 18403169, upload-time = "2026-03-29T13:20:17.096Z" },
    { url = "https://files.pythonhosted.org/packages/c2/c9/fcfd5d0639222c6eac7f304829b04892ef51c96a75d479214d77e3ce6e33/numpy-2.4.4-cp313-cp313t-win32.whl", hash = "sha256:9c585a1790d5436a5374bac930dad6ed244c046ed91b2b2a3634eb2971d21008", size = 6083477, upload-time = "2026-03-29T13:20:20.195Z" },
    { url = "https://files.pythonhosted.org/packages/d5/e3/3938a61d1c538aaec8ed6fd6323f57b0c2d2d2219512434c5c878db76553/numpy-2.4.4-cp313-cp313t-win_amd64.whl", hash = "sha256:93e15038125dc1e5345d9b5b68aa7f996ec33b98118d18c6ca0d0b7d6198b7e8", size = 12457487, upload-time = "2026-03-29T13:20:22.946Z" },
    { url = "https://files.pythonhosted.org/packages/97/6a/7e345032cc60501721ef94e0e30b60f6b0bd601f9174ebd36389a2b86d40/numpy-2.4.4-cp313-cp313t-win_arm64.whl", hash = "sha256:0dfd3f9d3adbe2920b68b5cd3d51444e13a10792ec7154cd0a2f6e74d4ab3233", size = 10292002, upload-time = "2026-03-29T13:20:25.909Z" },
    { url = "https://files.pythonhosted.org/packages/6e/06/c54062f85f673dd5c04cbe2f14c3acb8c8b95e3384869bb8cc9bff8cb9df/numpy-2.4.4-cp314-cp314-macosx_10_15_x86_64.whl", hash = "sha256:f169b9a863d34f5d11b8698ead99febeaa17a13ca044961aa8e2662a6c7766a0", size = 16684353, upload-time = "2026-03-29T13:20:29.504Z" },
    { url = "https://files.pythonhosted.org/packages/4c/39/8a320264a84404c74cc7e79715de85d6130fa07a0898f67fb5cd5bd79908/numpy-2.4.4-cp314-cp314-macosx_11_0_arm64.whl", hash = "sha256:2483e4584a1cb3092da4470b38866634bafb223cbcd551ee047633fd2584599a", size = 14704914, upload-time = "2026-03-29T13:20:33.547Z" },
    { url = "https://files.pythonhosted.org/packages/91/fb/287076b2614e1d1044235f50f03748f31fa287e3dbe6abeb35cdfa351eca/numpy-2.4.4-cp314-cp314-macosx_14_0_arm64.whl", hash = "sha256:2d19e6e2095506d1736b7d80595e0f252d76b89f5e715c35e06e937679ea7d7a", size = 5210005, upload-time = "2026-03-29T13:20:36.45Z" },
    { url = "https://files.pythonhosted.org/packages/63/eb/fcc338595309910de6ecabfcef2419a9ce24399680bfb149421fa2df1280/numpy-2.4.4-cp314-cp314-macosx_14_0_x86_64.whl", hash = "sha256:6a246d5914aa1c820c9443ddcee9c02bec3e203b0c080349533fae17727dfd1b", size = 6544974, upload-time = "2026-03-29T13:20:39.014Z" },
    { url = "https://files.pythonhosted.org/packages/44/5d/e7e9044032a716cdfaa3fba27a8e874bf1c5f1912a1ddd4ed071bf8a14a6/numpy-2.4.4-cp314-cp314-manylinux_2_27_aarch64.manylinux_2_28_aarch64.whl", hash = "sha256:989824e9faf85f96ec9c7761cd8d29c531ad857bfa1daa930cba85baaecf1a9a", size = 15684591, upload-time = "2026-03-29T13:20:42.146Z" },
    { url = "https://files.pythonhosted.org/packages/98/7c/21252050676612625449b4807d6b695b9ce8a7c9e1c197ee6216c8a65c7c/numpy-2.4.4-cp314-cp314-manylinux_2_27_x86_64.manylinux_2_28_x86_64.whl", hash = "sha256:27a8d92cd10f1382a67d7cf4db7ce18341b66438bdd9f691d7b0e48d104c2a9d", size = 16637700, upload-time = "2026-03-29T13:20:46.204Z" },
    { url = "https://files.pythonhosted.org/packages/b1/29/56d2bbef9465db24ef25393383d761a1af4f446a1df9b8cded4fe3a5a5d7/numpy-2.4.4-cp314-cp314-musllinux_1_2_aarch64.whl", hash = "sha256:e44319a2953c738205bf3354537979eaa3998ed673395b964c1176083dd46252", size = 17035781, upload-time = "2026-03-29T13:20:50.242Z" },
    { url = "https://files.pythonhosted.org/packages/e3/2b/a35a6d7589d21f44cea7d0a98de5ddcbb3d421b2622a5c96b1edf18707c3/numpy-2.4.4-cp314-cp314-musllinux_1_2_x86_64.whl", hash = "sha256:e892aff75639bbef0d2a2cfd55535510df26ff92f63c92cd84ef8d4ba5a5557f", size = 18362959, upload-time = "2026-03-29T13:20:54.019Z" },
    { url = "https://files.pythonhosted.org/packages/64/c9/d52ec581f2390e0f5f85cbfd80fb83d965fc15e9f0e1aec2195faa142cde/numpy-2.4.4-cp314-cp314-win32.whl", hash = "sha256:1378871da56ca8943c2ba674530924bb8ca40cd228358a3b5f302ad60cf875fc", size = 6008768, upload-time = "2026-03-29T13:20:56.912Z" },
    { url = "https://files.pythonhosted.org/packages/fa/22/4cc31a62a6c7b74a8730e31a4274c5dc80e005751e277a2ce38e675e4923/numpy-2.4.4-cp314-cp314-win_amd64.whl", hash = "sha256:715d1c092715954784bc79e1174fc2a90093dc4dc84ea15eb14dad8abdcdeb74", size = 12449181, upload-time = "2026-03-29T13:20:59.548Z" },
    { url = "https://files.pythonhosted.org/packages/70/2e/14cda6f4d8e396c612d1bf97f22958e92148801d7e4f110cabebdc0eef4b/numpy-2.4.4-cp314-cp314-win_arm64.whl", hash = "sha256:2c194dd721e54ecad9ad387c1d35e63dce5c4450c6dc7dd5611283dda239aabb", size = 10496035, upload-time = "2026-03-29T13:21:02.524Z" },
    { url = "https://files.pythonhosted.org/packages/b1/e8/8fed8c8d848d7ecea092dc3469643f9d10bc3a134a815a3b033da1d2039b/numpy-2.4.4-cp314-cp314t-macosx_11_0_arm64.whl", hash = "sha256:2aa0613a5177c264ff5921051a5719d20095ea586ca88cc802c5c218d1c67d3e", size = 14824958, upload-time = "2026-03-29T13:21:05.671Z" },
    { url = "https://files.pythonhosted.org/packages/05/1a/d8007a5138c179c2bf33ef44503e83d70434d2642877ee8fbb230e7c0548/numpy-2.4.4-cp314-cp314t-macosx_14_0_arm64.whl", hash = "sha256:42c16925aa5a02362f986765f9ebabf20de75cdefdca827d14315c568dcab113", size = 5330020, upload-time = "2026-03-29T13:21:08.635Z" },
    { url = "https://files.pythonhosted.org/packages/99/64/ffb99ac6ae93faf117bcbd5c7ba48a7f45364a33e8e458545d3633615dda/numpy-2.4.4-cp314-cp314t-macosx_14_0_x86_64.whl", hash = "sha256:874f200b2a981c647340f841730fc3a2b54c9d940566a3c4149099591e2c4c3d", size = 6650758, upload-time = "2026-03-29T13:21:10.949Z" },
    { url = "https://files.pythonhosted.org/packages/6e/6e/795cc078b78a384052e73b2f6281ff7a700e9bf53bcce2ee579d4f6dd879/numpy-2.4.4-cp314-cp314t-manylinux_2_27_aarch64.manylinux_2_28_aarch64.whl", hash = "sha256:c9b39d38a9bd2ae1becd7eac1303d031c5c110ad31f2b319c6e7d98b135c934d", size = 15729948, upload-time = "2026-03-29T13:21:14.047Z" },
    { url = "https://files.pythonhosted.org/packages/5f/86/2acbda8cc2af5f3d7bfc791192863b9e3e19674da7b5e533fded124d1299/numpy-2.4.4-cp314-cp314t-manylinux_2_27_x86_64.manylinux_2_28_x86_64.whl", hash = "sha256:b268594bccac7d7cf5844c7732e3f20c50921d94e36d7ec9b79e9857694b1b2f", size = 16679325, upload-time = "2026-03-29T13:21:17.561Z" },
    { url = "https://files.pythonhosted.org/packages/bc/59/cafd83018f4aa55e0ac6fa92aa066c0a1877b77a615ceff1711c260ffae8/numpy-2.4.4-cp314-cp314t-musllinux_1_2_aarch64.whl", hash = "sha256:ac6b31e35612a26483e20750126d30d0941f949426974cace8e6b5c58a3657b0", size = 17084883, upload-time = "2026-03-29T13:21:21.106Z" },
    { url = "https://files.pythonhosted.org/packages/f0/85/a42548db84e65ece46ab2caea3d3f78b416a47af387fcbb47ec28e660dc2/numpy-2.4.4-cp314-cp314t-musllinux_1_2_x86_64.whl", hash = "sha256:8e3ed142f2728df44263aaf5fb1f5b0b99f4070c553a0d7f033be65338329150", size = 18403474, upload-time = "2026-03-29T13:21:24.828Z" },
    { url = "https://files.pythonhosted.org/packages/ed/ad/483d9e262f4b831000062e5d8a45e342166ec8aaa1195264982bca267e62/numpy-2.4.4-cp314-cp314t-win32.whl", hash = "sha256:dddbbd259598d7240b18c9d87c56a9d2fb3b02fe266f49a7c101532e78c1d871", size = 6155500, upload-time = "2026-03-29T13:21:28.205Z" },
    { url = "https://files.pythonhosted.org/packages/c7/03/2fc4e14c7bd4ff2964b74ba90ecb8552540b6315f201df70f137faa5c589/numpy-2.4.4-cp314-cp314t-win_amd64.whl", hash = "sha256:a7164afb23be6e37ad90b2f10426149fd75aee07ca55653d2aa41e66c4ef697e", size = 12637755, upload-time = "2026-03-29T13:21:31.107Z" },
    { url = "https://files.pythonhosted.org/packages/58/78/548fb8e07b1a341746bfbecb32f2c268470f45fa028aacdbd10d9bc73aab/numpy-2.4.4-cp314-cp314t-win_arm64.whl", hash = "sha256:ba203255017337d39f89bdd58417f03c4426f12beed0440cfd933cb15f8669c7", size = 10566643, upload-time = "2026-03-29T13:21:34.339Z" },
]
